
Microsoft Visual Studio Solution File, Format Version 12.00
# Visual Studio Version 16
VisualStudioVersion = 16.0.30128.74
MinimumVisualStudioVersion = 10.0.40219.1
Project("{8BC9CEB8-8B4A-11D0-8D11-00A0C91BC942}") = "Project1", "Project1\Project1.vcxproj", "{B7116508-A190-4FB8-A05F-B1D81FF3CDB1}"
EndProject
Global
	GlobalSection(SolutionConfigurationPlatforms) = preSolution
		Debug|x64 = Debug|x64
		Debug|x86 = Debug|x86
		Release|x64 = Release|x64
		Release|x86 = Release|x86
	EndGlobalSection
	GlobalSection(ProjectConfigurationPlatforms) = postSolution
		{B7116508-A190-4FB8-A05F-B1D81FF3CDB1}.Debug|x64.ActiveCfg = Debug|x64
		{B7116508-A190-4FB8-A05F-B1D81FF3CDB1}.Debug|x64.Build.0 = Debug|x64
		{B7116508-A190-4FB8-A05F-B1D81FF3CDB1}.Debug|x86.ActiveCfg = Debug|Win32
		{B7116508-A190-4FB8-A05F-B1D81FF3CDB1}.Debug|x86.Build.0 = Debug|Win32
		{B7116508-A190-4FB8-A05F-B1D81FF3CDB1}.Release|x64.ActiveCfg = Release|x64
		{B7116508-A190-4FB8-A05F-B1D81FF3CDB1}.Release|x64.Build.0 = Release|x64
		{B7116508-A190-4FB8-A05F-B1D81FF3CDB1}.Release|x86.ActiveCfg = Release|Win32
		{B7116508-A190-4FB8-A05F-B1D81FF3CDB1}.Release|x86.Build.0 = Release|Win32
	EndGlobalSection
	GlobalSection(SolutionProperties) = preSolution
		HideSolutionNode = FALSE
	EndGlobalSection
	GlobalSection(ExtensibilityGlobals) = postSolution
		SolutionGuid = {AAF57C72-7841-4C2B-BB71-BAD6C6842F73}
	EndGlobalSection
EndGlobal
